
Microsoft Visual Studio Solution File, Format Version 12.00
# Visual Studio Version 16
VisualStudioVersion = 16.0.31112.23
MinimumVisualStudioVersion = 10.0.40219.1
Project("{FAE04EC0-301F-11D3-BF4B-00C04F79EFBC}") = "TestingApp", "TestingApp\TestingApp.csproj", "{7D966246-6B7E-44BA-AC47-2A729996C587}"
EndProject
Global
	GlobalSection(SolutionConfigurationPlatforms) = preSolution
		Debug|Any CPU = Debug|Any CPU
		Release|Any CPU = Release|Any CPU
	EndGlobalSection
	GlobalSection(ProjectConfigurationPlatforms) = postSolution
		{7D966246-6B7E-44BA-AC47-2A729996C587}.Debug|Any CPU.ActiveCfg = Debug|Any CPU
		{7D966246-6B7E-44BA-AC47-2A729996C587}.Debug|Any CPU.Build.0 = Debug|Any CPU
		{7D966246-6B7E-44BA-AC47-2A729996C587}.Release|Any CPU.ActiveCfg = Release|Any CPU
		{7D966246-6B7E-44BA-AC47-2A729996C587}.Release|Any CPU.Build.0 = Release|Any CPU
	EndGlobalSection
	GlobalSection(SolutionProperties) = preSolution
		HideSolutionNode = FALSE
	EndGlobalSection
	GlobalSection(ExtensibilityGlobals) = postSolution
		SolutionGuid = {2533BD79-2310-48DA-94FA-D544864181F4}
	EndGlobalSection
EndGlobal
